
Microsoft Visual Studio Solution File, Format Version 12.00
Project("{FAE04EC0-301F-11D3-BF4B-00C04F79EFBC}") = "Arbeidskrav2", "Arbeidskrav2\Arbeidskrav2.csproj", "{3DD12971-AFDF-4DA9-98FA-C1DD836E0AE0}"
EndProject
Global
	GlobalSection(SolutionConfigurationPlatforms) = preSolution
		Debug|Any CPU = Debug|Any CPU
		Release|Any CPU = Release|Any CPU
	EndGlobalSection
	GlobalSection(ProjectConfigurationPlatforms) = postSolution
		{3DD12971-AFDF-4DA9-98FA-C1DD836E0AE0}.Debug|Any CPU.ActiveCfg = Debug|Any CPU
		{3DD12971-AFDF-4DA9-98FA-C1DD836E0AE0}.Debug|Any CPU.Build.0 = Debug|Any CPU
		{3DD12971-AFDF-4DA9-98FA-C1DD836E0AE0}.Release|Any CPU.ActiveCfg = Release|Any CPU
		{3DD12971-AFDF-4DA9-98FA-C1DD836E0AE0}.Release|Any CPU.Build.0 = Release|Any CPU
	EndGlobalSection
EndGlobal
